
Microsoft Visual Studio Solution File, Format Version 12.00
# Visual Studio Version 17
VisualStudioVersion = 17.0.31903.59
MinimumVisualStudioVersion = 10.0.40219.1
Project("{FAE04EC0-301F-11D3-BF4B-00C04F79EFBC}") = "ContosoEnergy.Events.Application", "ContosoEnergy.Events.Application\ContosoEnergy.Events.Application.csproj", "{5832859B-E0F5-43AA-9095-B521C0B654BB}"
EndProject
Project("{FAE04EC0-301F-11D3-BF4B-00C04F79EFBC}") = "ContosoEnergy.Events.API", "ContosoEnergy.Events.API\ContosoEnergy.Events.API.csproj", "{949100EE-544F-4C8A-0E2D-7B9011F891EA}"
EndProject
Project("{FAE04EC0-301F-11D3-BF4B-00C04F79EFBC}") = "ContosoEnergy.Events.Domain", "ContosoEnergy.Events.Domain\ContosoEnergy.Events.Domain.csproj", "{74F4A15D-54DE-C7EF-74A0-9E18F182D989}"
EndProject
Project("{FAE04EC0-301F-11D3-BF4B-00C04F79EFBC}") = "ContosoEnergy.Events.Infrastructure", "ContosoEnergy.Events.Infrastructure\ContosoEnergy.Events.Infrastructure.csproj", "{77BD569E-8FFD-1C5F-FEA3-A78CADC8DE9E}"
EndProject
Global
	GlobalSection(SolutionConfigurationPlatforms) = preSolution
		Debug|Any CPU = Debug|Any CPU
		Debug|x64 = Debug|x64
		Debug|x86 = Debug|x86
		Release|Any CPU = Release|Any CPU
		Release|x64 = Release|x64
		Release|x86 = Release|x86
	EndGlobalSection
	GlobalSection(ProjectConfigurationPlatforms) = postSolution
		{5832859B-E0F5-43AA-9095-B521C0B654BB}.Debug|Any CPU.ActiveCfg = Debug|Any CPU
		{5832859B-E0F5-43AA-9095-B521C0B654BB}.Debug|Any CPU.Build.0 = Debug|Any CPU
		{5832859B-E0F5-43AA-9095-B521C0B654BB}.Debug|x64.ActiveCfg = Debug|Any CPU
		{5832859B-E0F5-43AA-9095-B521C0B654BB}.Debug|x64.Build.0 = Debug|Any CPU
		{5832859B-E0F5-43AA-9095-B521C0B654BB}.Debug|x86.ActiveCfg = Debug|Any CPU
		{5832859B-E0F5-43AA-9095-B521C0B654BB}.Debug|x86.Build.0 = Debug|Any CPU
		{5832859B-E0F5-43AA-9095-B521C0B654BB}.Release|Any CPU.ActiveCfg = Release|Any CPU
		{5832859B-E0F5-43AA-9095-B521C0B654BB}.Release|Any CPU.Build.0 = Release|Any CPU
		{5832859B-E0F5-43AA-9095-B521C0B654BB}.Release|x64.ActiveCfg = Release|Any CPU
		{5832859B-E0F5-43AA-9095-B521C0B654BB}.Release|x64.Build.0 = Release|Any CPU
		{5832859B-E0F5-43AA-9095-B521C0B654BB}.Release|x86.ActiveCfg = Release|Any CPU
		{5832859B-E0F5-43AA-9095-B521C0B654BB}.Release|x86.Build.0 = Release|Any CPU
		{949100EE-544F-4C8A-0E2D-7B9011F891EA}.Debug|Any CPU.ActiveCfg = Debug|Any CPU
		{949100EE-544F-4C8A-0E2D-7B9011F891EA}.Debug|Any CPU.Build.0 = Debug|Any CPU
		{949100EE-544F-4C8A-0E2D-7B9011F891EA}.Debug|x64.ActiveCfg = Debug|Any CPU
		{949100EE-544F-4C8A-0E2D-7B9011F891EA}.Debug|x64.Build.0 = Debug|Any CPU
		{949100EE-544F-4C8A-0E2D-7B9011F891EA}.Debug|x86.ActiveCfg = Debug|Any CPU
		{949100EE-544F-4C8A-0E2D-7B9011F891EA}.Debug|x86.Build.0 = Debug|Any CPU
		{949100EE-544F-4C8A-0E2D-7B9011F891EA}.Release|Any CPU.ActiveCfg = Release|Any CPU
		{949100EE-544F-4C8A-0E2D-7B9011F891EA}.Release|Any CPU.Build.0 = Release|Any CPU
		{949100EE-544F-4C8A-0E2D-7B9011F891EA}.Release|x64.ActiveCfg = Release|Any CPU
		{949100EE-544F-4C8A-0E2D-7B9011F891EA}.Release|x64.Build.0 = Release|Any CPU
		{949100EE-544F-4C8A-0E2D-7B9011F891EA}.Release|x86.ActiveCfg = Release|Any CPU
		{949100EE-544F-4C8A-0E2D-7B9011F891EA}.Release|x86.Build.0 = Release|Any CPU
		{74F4A15D-54DE-C7EF-74A0-9E18F182D989}.Debug|Any CPU.ActiveCfg = Debug|Any CPU
		{74F4A15D-54DE-C7EF-74A0-9E18F182D989}.Debug|Any CPU.Build.0 = Debug|Any CPU
		{74F4A15D-54DE-C7EF-74A0-9E18F182D989}.Debug|x64.ActiveCfg = Debug|Any CPU
		{74F4A15D-54DE-C7EF-74A0-9E18F182D989}.Debug|x64.Build.0 = Debug|Any CPU
		{74F4A15D-54DE-C7EF-74A0-9E18F182D989}.Debug|x86.ActiveCfg = Debug|Any CPU
		{74F4A15D-54DE-C7EF-74A0-9E18F182D989}.Debug|x86.Build.0 = Debug|Any CPU
		{74F4A15D-54DE-C7EF-74A0-9E18F182D989}.Release|Any CPU.ActiveCfg = Release|Any CPU
		{74F4A15D-54DE-C7EF-74A0-9E18F182D989}.Release|Any CPU.Build.0 = Release|Any CPU
		{74F4A15D-54DE-C7EF-74A0-9E18F182D989}.Release|x64.ActiveCfg = Release|Any CPU
		{74F4A15D-54DE-C7EF-74A0-9E18F182D989}.Release|x64.Build.0 = Release|Any CPU
		{74F4A15D-54DE-C7EF-74A0-9E18F182D989}.Release|x86.ActiveCfg = Release|Any CPU
		{74F4A15D-54DE-C7EF-74A0-9E18F182D989}.Release|x86.Build.0 = Release|Any CPU
		{77BD569E-8FFD-1C5F-FEA3-A78CADC8DE9E}.Debug|Any CPU.ActiveCfg = Debug|Any CPU
		{77BD569E-8FFD-1C5F-FEA3-A78CADC8DE9E}.Debug|Any CPU.Build.0 = Debug|Any CPU
		{77BD569E-8FFD-1C5F-FEA3-A78CADC8DE9E}.Debug|x64.ActiveCfg = Debug|Any CPU
		{77BD569E-8FFD-1C5F-FEA3-A78CADC8DE9E}.Debug|x64.Build.0 = Debug|Any CPU
		{77BD569E-8FFD-1C5F-FEA3-A78CADC8DE9E}.Debug|x86.ActiveCfg = Debug|Any CPU
		{77BD569E-8FFD-1C5F-FEA3-A78CADC8DE9E}.Debug|x86.Build.0 = Debug|Any CPU
		{77BD569E-8FFD-1C5F-FEA3-A78CADC8DE9E}.Release|Any CPU.ActiveCfg = Release|Any CPU
		{77BD569E-8FFD-1C5F-FEA3-A78CADC8DE9E}.Release|Any CPU.Build.0 = Release|Any CPU
		{77BD569E-8FFD-1C5F-FEA3-A78CADC8DE9E}.Release|x64.ActiveCfg = Release|Any CPU
		{77BD569E-8FFD-1C5F-FEA3-A78CADC8DE9E}.Release|x64.Build.0 = Release|Any CPU
		{77BD569E-8FFD-1C5F-FEA3-A78CADC8DE9E}.Release|x86.ActiveCfg = Release|Any CPU
		{77BD569E-8FFD-1C5F-FEA3-A78CADC8DE9E}.Release|x86.Build.0 = Release|Any CPU
	EndGlobalSection
	GlobalSection(SolutionProperties) = preSolution
		HideSolutionNode = FALSE
	EndGlobalSection
	GlobalSection(ExtensibilityGlobals) = postSolution
		SolutionGuid = {0EBB396E-A45D-4E19-ABF4-D708C4D449CC}
	EndGlobalSection
EndGlobal
